// !$*UTF8*$!
{
	archiveVersion = 1;
	classes = {
	};
	objectVersion = 46;
	objects = {

/* Begin PBXBuildFile section */
		88F0342F1D6EEA1D00BA0322 /* main.m in Sources */ = {isa = PBXBuildFile; fileRef = 88F0342E1D6EEA1D00BA0322 /* main.m */; };
		88F034321D6EEA1D00BA0322 /* AppDelegate.m in Sources */ = {isa = PBXBuildFile; fileRef = 88F034311D6EEA1D00BA0322 /* AppDelegate.m */; };
		88F034351D6EEA1D00BA0322 /* ViewController.m in Sources */ = {isa = PBXBuildFile; fileRef = 88F034341D6EEA1D00BA0322 /* ViewController.m */; };
		88F034381D6EEA1D00BA0322 /* Main.storyboard in Resources */ = {isa = PBXBuildFile; fileRef = 88F034361D6EEA1D00BA0322 /* Main.storyboard */; };
		88F0343A1D6EEA1D00BA0322 /* Assets.xcassets in Resources */ = {isa = PBXBuildFile; fileRef = 88F034391D6EEA1D00BA0322 /* Assets.xcassets */; };
		88F0343D1D6EEA1D00BA0322 /* LaunchScreen.storyboard in Resources */ = {isa = PBXBuildFile; fileRef = 88F0343B1D6EEA1D00BA0322 /* LaunchScreen.storyboard */; };
		88F034481D6EEA1D00BA0322 /* ____Tests.m in Sources */ = {isa = PBXBuildFile; fileRef = 88F034471D6EEA1D00BA0322 /* ____Tests.m */; };
		88F034531D6EEA1D00BA0322 /* ____UITests.m in Sources */ = {isa = PBXBuildFile; fileRef = 88F034521D6EEA1D00BA0322 /* ____UITests.m */; };
/* End PBXBuildFile section */

/* Begin PBXContainerItemProxy section */
		88F034441D6EEA1D00BA0322 /* PBXContainerItemProxy */ = {
			isa = PBXContainerItemProxy;
			containerPortal = 88F034221D6EEA1D00BA0322 /* Project object */;
			proxyType = 1;
			remoteGlobalIDString = 88F034291D6EEA1D00BA0322;
			remoteInfo = "按钮菜单";
		};
		88F0344F1D6EEA1D00BA0322 /* PBXContainerItemProxy */ = {
			isa = PBXContainerItemProxy;
			containerPortal = 88F034221D6EEA1D00BA0322 /* Project object */;
			proxyType = 1;
			remoteGlobalIDString = 88F034291D6EEA1D00BA0322;
			remoteInfo = "按钮菜单";
		};
/* End PBXContainerItemProxy section */

/* Begin PBXFileReference section */
		88F0342A1D6EEA1D00BA0322 /* 按钮菜单.app */ = {isa = PBXFileReference; explicitFileType = wrapper.application; includeInIndex = 0; path = "按钮菜单.app"; sourceTree = BUILT_PRODUCTS_DIR; };
		88F0342E1D6EEA1D00BA0322 /* main.m */ = {isa = PBXFileReference; lastKnownFileType = sourcecode.c.objc; path = main.m; sourceTree = "<group>"; };
		88F034301D6EEA1D00BA0322 /* AppDelegate.h */ = {isa = PBXFileReference; lastKnownFileType = sourcecode.c.h; path = AppDelegate.h; sourceTree = "<group>"; };
		88F034311D6EEA1D00BA0322 /* AppDelegate.m */ = {isa = PBXFileReference; lastKnownFileType = sourcecode.c.objc; path = AppDelegate.m; sourceTree = "<group>"; };
		88F034331D6EEA1D00BA0322 /* ViewController.h */ = {isa = PBXFileReference; lastKnownFileType = sourcecode.c.h; path = ViewController.h; sourceTree = "<group>"; };
		88F034341D6EEA1D00BA0322 /* ViewController.m */ = {isa = PBXFileReference; lastKnownFileType = sourcecode.c.objc; path = ViewController.m; sourceTree = "<group>"; };
		88F034371D6EEA1D00BA0322 /* Base */ = {isa = PBXFileReference; lastKnownFileType = file.storyboard; name = Base; path = Base.lproj/Main.storyboard; sourceTree = "<group>"; };
		88F034391D6EEA1D00BA0322 /* Assets.xcassets */ = {isa = PBXFileReference; lastKnownFileType = folder.assetcatalog; path = Assets.xcassets; sourceTree = "<group>"; };
		88F0343C1D6EEA1D00BA0322 /* Base */ = {isa = PBXFileReference; lastKnownFileType = file.storyboard; name = Base; path = Base.lproj/LaunchScreen.storyboard; sourceTree = "<group>"; };
		88F0343E1D6EEA1D00BA0322 /* Info.plist */ = {isa = PBXFileReference; lastKnownFileType = text.plist.xml; path = Info.plist; sourceTree = "<group>"; };
		88F034431D6EEA1D00BA0322 /* 按钮菜单Tests.xctest */ = {isa = PBXFileReference; explicitFileType = wrapper.cfbundle; includeInIndex = 0; path = "按钮菜单Tests.xctest"; sourceTree = BUILT_PRODUCTS_DIR; };
		88F034471D6EEA1D00BA0322 /* ____Tests.m */ = {isa = PBXFileReference; lastKnownFileType = sourcecode.c.objc; path = "____Tests.m"; sourceTree = "<group>"; };
		88F034491D6EEA1D00BA0322 /* Info.plist */ = {isa = PBXFileReference; lastKnownFileType = text.plist.xml; path = Info.plist; sourceTree = "<group>"; };
		88F0344E1D6EEA1D00BA0322 /* 按钮菜单UITests.xctest */ = {isa = PBXFileReference; explicitFileType = wrapper.cfbundle; includeInIndex = 0; path = "按钮菜单UITests.xctest"; sourceTree = BUILT_PRODUCTS_DIR; };
		88F034521D6EEA1D00BA0322 /* ____UITests.m */ = {isa = PBXFileReference; lastKnownFileType = sourcecode.c.objc; path = "____UITests.m"; sourceTree = "<group>"; };
		88F034541D6EEA1D00BA0322 /* Info.plist */ = {isa = PBXFileReference; lastKnownFileType = text.plist.xml; path = Info.plist; sourceTree = "<group>"; };
/* End PBXFileReference section */

/* Begin PBXFrameworksBuildPhase section */
		88F034271D6EEA1D00BA0322 /* Frameworks */ = {
			isa = PBXFrameworksBuildPhase;
			buildActionMask = 2147483647;
			files = (
			);
			runOnlyForDeploymentPostprocessing = 0;
		};
		88F034401D6EEA1D00BA0322 /* Frameworks */ = {
			isa = PBXFrameworksBuildPhase;
			buildActionMask = 2147483647;
			files = (
			);
			runOnlyForDeploymentPostprocessing = 0;
		};
		88F0344B1D6EEA1D00BA0322 /* Frameworks */ = {
			isa = PBXFrameworksBuildPhase;
			buildActionMask = 2147483647;
			files = (
			);
			runOnlyForDeploymentPostprocessing = 0;
		};
/* End PBXFrameworksBuildPhase section */

/* Begin PBXGroup section */
		88F034211D6EEA1D00BA0322 = {
			isa = PBXGroup;
			children = (
				88F0342C1D6EEA1D00BA0322 /* 按钮菜单 */,
				88F034461D6EEA1D00BA0322 /* 按钮菜单Tests */,
				88F034511D6EEA1D00BA0322 /* 按钮菜单UITests */,
				88F0342B1D6EEA1D00BA0322 /* Products */,
			);
			sourceTree = "<group>";
		};
		88F0342B1D6EEA1D00BA0322 /* Products */ = {
			isa = PBXGroup;
			children = (
				88F0342A1D6EEA1D00BA0322 /* 按钮菜单.app */,
				88F034431D6EEA1D00BA0322 /* 按钮菜单Tests.xctest */,
				88F0344E1D6EEA1D00BA0322 /* 按钮菜单UITests.xctest */,
			);
			name = Products;
			sourceTree = "<group>";
		};
		88F0342C1D6EEA1D00BA0322 /* 按钮菜单 */ = {
			isa = PBXGroup;
			children = (
				88F034301D6EEA1D00BA0322 /* AppDelegate.h */,
				88F034311D6EEA1D00BA0322 /* AppDelegate.m */,
				88F034331D6EEA1D00BA0322 /* ViewController.h */,
				88F034341D6EEA1D00BA0322 /* ViewController.m */,
				88F034361D6EEA1D00BA0322 /* Main.storyboard */,
				88F034391D6EEA1D00BA0322 /* Assets.xcassets */,
				88F0343B1D6EEA1D00BA0322 /* LaunchScreen.storyboard */,
				88F0343E1D6EEA1D00BA0322 /* Info.plist */,
				88F0342D1D6EEA1D00BA0322 /* Supporting Files */,
			);
			path = "按钮菜单";
			sourceTree = "<group>";
		};
		88F0342D1D6EEA1D00BA0322 /* Supporting Files */ = {
			isa = PBXGroup;
			children = (
				88F0342E1D6EEA1D00BA0322 /* main.m */,
			);
			name = "Supporting Files";
			sourceTree = "<group>";
		};
		88F034461D6EEA1D00BA0322 /* 按钮菜单Tests */ = {
			isa = PBXGroup;
			children = (
				88F034471D6EEA1D00BA0322 /* ____Tests.m */,
				88F034491D6EEA1D00BA0322 /* Info.plist */,
			);
			path = "按钮菜单Tests";
			sourceTree = "<group>";
		};
		88F034511D6EEA1D00BA0322 /* 按钮菜单UITests */ = {
			isa = PBXGroup;
			children = (
				88F034521D6EEA1D00BA0322 /* ____UITests.m */,
				88F034541D6EEA1D00BA0322 /* Info.plist */,
			);
			path = "按钮菜单UITests";
			sourceTree = "<group>";
		};
/* End PBXGroup section */

/* Begin PBXNativeTarget section */
		88F034291D6EEA1D00BA0322 /* 按钮菜单 */ = {
			isa = PBXNativeTarget;
			buildConfigurationList = 88F034571D6EEA1D00BA0322 /* Build configuration list for PBXNativeTarget "按钮菜单" */;
			buildPhases = (
				88F034261D6EEA1D00BA0322 /* Sources */,
				88F034271D6EEA1D00BA0322 /* Frameworks */,
				88F034281D6EEA1D00BA0322 /* Resources */,
			);
			buildRules = (
			);
			dependencies = (
			);
			name = "按钮菜单";
			productName = "按钮菜单";
			productReference = 88F0342A1D6EEA1D00BA0322 /* 按钮菜单.app */;
			productType = "com.apple.product-type.application";
		};
		88F034421D6EEA1D00BA0322 /* 按钮菜单Tests */ = {
			isa = PBXNativeTarget;
			buildConfigurationList = 88F0345A1D6EEA1D00BA0322 /* Build configuration list for PBXNativeTarget "按钮菜单Tests" */;
			buildPhases = (
				88F0343F1D6EEA1D00BA0322 /* Sources */,
				88F034401D6EEA1D00BA0322 /* Frameworks */,
				88F034411D6EEA1D00BA0322 /* Resources */,
			);
			buildRules = (
			);
			dependencies = (
				88F034451D6EEA1D00BA0322 /* PBXTargetDependency */,
			);
			name = "按钮菜单Tests";
			productName = "按钮菜单Tests";
			productReference = 88F034431D6EEA1D00BA0322 /* 按钮菜单Tests.xctest */;
			productType = "com.apple.product-type.bundle.unit-test";
		};
		88F0344D1D6EEA1D00BA0322 /* 按钮菜单UITests */ = {
			isa = PBXNativeTarget;
			buildConfigurationList = 88F0345D1D6EEA1D00BA0322 /* Build configuration list for PBXNativeTarget "按钮菜单UITests" */;
			buildPhases = (
				88F0344A1D6EEA1D00BA0322 /* Sources */,
				88F0344B1D6EEA1D00BA0322 /* Frameworks */,
				88F0344C1D6EEA1D00BA0322 /* Resources */,
			);
			buildRules = (
			);
			dependencies = (
				88F034501D6EEA1D00BA0322 /* PBXTargetDependency */,
			);
			name = "按钮菜单UITests";
			productName = "按钮菜单UITests";
			productReference = 88F0344E1D6EEA1D00BA0322 /* 按钮菜单UITests.xctest */;
			productType = "com.apple.product-type.bundle.ui-testing";
		};
/* End PBXNativeTarget section */

/* Begin PBXProject section */
		88F034221D6EEA1D00BA0322 /* Project object */ = {
			isa = PBXProject;
			attributes = {
				LastUpgradeCheck = 0730;
				ORGANIZATIONNAME = sinfotek;
				TargetAttributes = {
					88F034291D6EEA1D00BA0322 = {
						CreatedOnToolsVersion = 7.3.1;
					};
					88F034421D6EEA1D00BA0322 = {
						CreatedOnToolsVersion = 7.3.1;
						TestTargetID = 88F034291D6EEA1D00BA0322;
					};
					88F0344D1D6EEA1D00BA0322 = {
						CreatedOnToolsVersion = 7.3.1;
						TestTargetID = 88F034291D6EEA1D00BA0322;
					};
				};
			};
			buildConfigurationList = 88F034251D6EEA1D00BA0322 /* Build configuration list for PBXProject "按钮菜单" */;
			compatibilityVersion = "Xcode 3.2";
			developmentRegion = English;
			hasScannedForEncodings = 0;
			knownRegions = (
				en,
				Base,
			);
			mainGroup = 88F034211D6EEA1D00BA0322;
			productRefGroup = 88F0342B1D6EEA1D00BA0322 /* Products */;
			projectDirPath = "";
			projectRoot = "";
			targets = (
				88F034291D6EEA1D00BA0322 /* 按钮菜单 */,
				88F034421D6EEA1D00BA0322 /* 按钮菜单Tests */,
				88F0344D1D6EEA1D00BA0322 /* 按钮菜单UITests */,
			);
		};
/* End PBXProject section */

/* Begin PBXResourcesBuildPhase section */
		88F034281D6EEA1D00BA0322 /* Resources */ = {
			isa = PBXResourcesBuildPhase;
			buildActionMask = 2147483647;
			files = (
				88F0343D1D6EEA1D00BA0322 /* LaunchScreen.storyboard in Resources */,
				88F0343A1D6EEA1D00BA0322 /* Assets.xcassets in Resources */,
				88F034381D6EEA1D00BA0322 /* Main.storyboard in Resources */,
			);
			runOnlyForDeploymentPostprocessing = 0;
		};
		88F034411D6EEA1D00BA0322 /* Resources */ = {
			isa = PBXResourcesBuildPhase;
			buildActionMask = 2147483647;
			files = (
			);
			runOnlyForDeploymentPostprocessing = 0;
		};
		88F0344C1D6EEA1D00BA0322 /* Resources */ = {
			isa = PBXResourcesBuildPhase;
			buildActionMask = 2147483647;
			files = (
			);
			runOnlyForDeploymentPostprocessing = 0;
		};
/* End PBXResourcesBuildPhase section */

/* Begin PBXSourcesBuildPhase section */
		88F034261D6EEA1D00BA0322 /* Sources */ = {
			isa = PBXSourcesBuildPhase;
			buildActionMask = 2147483647;
			files = (
				88F034351D6EEA1D00BA0322 /* ViewController.m in Sources */,
				88F034321D6EEA1D00BA0322 /* AppDelegate.m in Sources */,
				88F0342F1D6EEA1D00BA0322 /* main.m in Sources */,
			);
			runOnlyForDeploymentPostprocessing = 0;
		};
		88F0343F1D6EEA1D00BA0322 /* Sources */ = {
			isa = PBXSourcesBuildPhase;
			buildActionMask = 2147483647;
			files = (
				88F034481D6EEA1D00BA0322 /* ____Tests.m in Sources */,
			);
			runOnlyForDeploymentPostprocessing = 0;
		};
		88F0344A1D6EEA1D00BA0322 /* Sources */ = {
			isa = PBXSourcesBuildPhase;
			buildActionMask = 2147483647;
			files = (
				88F034531D6EEA1D00BA0322 /* ____UITests.m in Sources */,
			);
			runOnlyForDeploymentPostprocessing = 0;
		};
/* End PBXSourcesBuildPhase section */

/* Begin PBXTargetDependency section */
		88F034451D6EEA1D00BA0322 /* PBXTargetDependency */ = {
			isa = PBXTargetDependency;
			target = 88F034291D6EEA1D00BA0322 /* 按钮菜单 */;
			targetProxy = 88F034441D6EEA1D00BA0322 /* PBXContainerItemProxy */;
		};
		88F034501D6EEA1D00BA0322 /* PBXTargetDependency */ = {
			isa = PBXTargetDependency;
			target = 88F034291D6EEA1D00BA0322 /* 按钮菜单 */;
			targetProxy = 88F0344F1D6EEA1D00BA0322 /* PBXContainerItemProxy */;
		};
/* End PBXTargetDependency section */

/* Begin PBXVariantGroup section */
		88F034361D6EEA1D00BA0322 /* Main.storyboard */ = {
			isa = PBXVariantGroup;
			children = (
				88F034371D6EEA1D00BA0322 /* Base */,
			);
			name = Main.storyboard;
			sourceTree = "<group>";
		};
		88F0343B1D6EEA1D00BA0322 /* LaunchScreen.storyboard */ = {
			isa = PBXVariantGroup;
			children = (
				88F0343C1D6EEA1D00BA0322 /* Base */,
			);
			name = LaunchScreen.storyboard;
			sourceTree = "<group>";
		};
/* End PBXVariantGroup section */

/* Begin XCBuildConfiguration section */
		88F034551D6EEA1D00BA0322 /* Debug */ = {
			isa = XCBuildConfiguration;
			buildSettings = {
				ALWAYS_SEARCH_USER_PATHS = NO;
				CLANG_ANALYZER_NONNULL = YES;
				CLANG_CXX_LANGUAGE_STANDARD = "gnu++0x";
				CLANG_CXX_LIBRARY = "libc++";
				CLANG_ENABLE_MODULES = YES;
				CLANG_ENABLE_OBJC_ARC = YES;
				CLANG_WARN_BOOL_CONVERSION = YES;
				CLANG_WARN_CONSTANT_CONVERSION = YES;
				CLANG_WARN_DIRECT_OBJC_ISA_USAGE = YES_ERROR;
				CLANG_WARN_EMPTY_BODY = YES;
				CLANG_WARN_ENUM_CONVERSION = YES;
				CLANG_WARN_INT_CONVERSION = YES;
				CLANG_WARN_OBJC_ROOT_CLASS = YES_ERROR;
				CLANG_WARN_UNREACHABLE_CODE = YES;
				CLANG_WARN__DUPLICATE_METHOD_MATCH = YES;
				"CODE_SIGN_IDENTITY[sdk=iphoneos*]" = "iPhone Developer";
				COPY_PHASE_STRIP = NO;
				DEBUG_INFORMATION_FORMAT = dwarf;
				ENABLE_STRICT_OBJC_MSGSEND = YES;
				ENABLE_TESTABILITY = YES;
				GCC_C_LANGUAGE_STANDARD = gnu99;
				GCC_DYNAMIC_NO_PIC = NO;
				GCC_NO_COMMON_BLOCKS = YES;
				GCC_OPTIMIZATION_LEVEL = 0;
				GCC_PREPROCESSOR_DEFINITIONS = (
					"DEBUG=1",
					"$(inherited)",
				);
				GCC_WARN_64_TO_32_BIT_CONVERSION = YES;
				GCC_WARN_ABOUT_RETURN_TYPE = YES_ERROR;
				GCC_WARN_UNDECLARED_SELECTOR = YES;
				GCC_WARN_UNINITIALIZED_AUTOS = YES_AGGRESSIVE;
				GCC_WARN_UNUSED_FUNCTION = YES;
				GCC_WARN_UNUSED_VARIABLE = YES;
				IPHONEOS_DEPLOYMENT_TARGET = 9.3;
				MTL_ENABLE_DEBUG_INFO = YES;
				ONLY_ACTIVE_ARCH = YES;
				SDKROOT = iphoneos;
			};
			name = Debug;
		};
		88F034561D6EEA1D00BA0322 /* Release */ = {
			isa = XCBuildConfiguration;
			buildSettings = {
				ALWAYS_SEARCH_USER_PATHS = NO;
				CLANG_ANALYZER_NONNULL = YES;
				CLANG_CXX_LANGUAGE_STANDARD = "gnu++0x";
				CLANG_CXX_LIBRARY = "libc++";
				CLANG_ENABLE_MODULES = YES;
				CLANG_ENABLE_OBJC_ARC = YES;
				CLANG_WARN_BOOL_CONVERSION = YES;
				CLANG_WARN_CONSTANT_CONVERSION = YES;
				CLANG_WARN_DIRECT_OBJC_ISA_USAGE = YES_ERROR;
				CLANG_WARN_EMPTY_BODY = YES;
				CLANG_WARN_ENUM_CONVERSION = YES;
				CLANG_WARN_INT_CONVERSION = YES;
				CLANG_WARN_OBJC_ROOT_CLASS = YES_ERROR;
				CLANG_WARN_UNREACHABLE_CODE = YES;
				CLANG_WARN__DUPLICATE_METHOD_MATCH = YES;
				"CODE_SIGN_IDENTITY[sdk=iphoneos*]" = "iPhone Developer";
				COPY_PHASE_STRIP = NO;
				DEBUG_INFORMATION_FORMAT = "dwarf-with-dsym";
				ENABLE_NS_ASSERTIONS = NO;
				ENABLE_STRICT_OBJC_MSGSEND = YES;
				GCC_C_LANGUAGE_STANDARD = gnu99;
				GCC_NO_COMMON_BLOCKS = YES;
				GCC_WARN_64_TO_32_BIT_CONVERSION = YES;
				GCC_WARN_ABOUT_RETURN_TYPE = YES_ERROR;
				GCC_WARN_UNDECLARED_SELECTOR = YES;
				GCC_WARN_UNINITIALIZED_AUTOS = YES_AGGRESSIVE;
				GCC_WARN_UNUSED_FUNCTION = YES;
				GCC_WARN_UNUSED_VARIABLE = YES;
				IPHONEOS_DEPLOYMENT_TARGET = 9.3;
				MTL_ENABLE_DEBUG_INFO = NO;
				SDKROOT = iphoneos;
				VALIDATE_PRODUCT = YES;
			};
			name = Release;
		};
		88F034581D6EEA1D00BA0322 /* Debug */ = {
			isa = XCBuildConfiguration;
			buildSettings = {
				ASSETCATALOG_COMPILER_APPICON_NAME = AppIcon;
				INFOPLIST_FILE = "按钮菜单/Info.plist";
				IPHONEOS_DEPLOYMENT_TARGET = 7.0;
				LD_RUNPATH_SEARCH_PATHS = "$(inherited) @executable_path/Frameworks";
				PRODUCT_BUNDLE_IDENTIFIER = "com.zwsSinfotek.----";
				PRODUCT_NAME = "$(TARGET_NAME)";
			};
			name = Debug;
		};
		88F034591D6EEA1D00BA0322 /* Release */ = {
			isa = XCBuildConfiguration;
			buildSettings = {
				ASSETCATALOG_COMPILER_APPICON_NAME = AppIcon;
				INFOPLIST_FILE = "按钮菜单/Info.plist";
				IPHONEOS_DEPLOYMENT_TARGET = 7.0;
				LD_RUNPATH_SEARCH_PATHS = "$(inherited) @executable_path/Frameworks";
				PRODUCT_BUNDLE_IDENTIFIER = "com.zwsSinfotek.----";
				PRODUCT_NAME = "$(TARGET_NAME)";
			};
			name = Release;
		};
		88F0345B1D6EEA1D00BA0322 /* Debug */ = {
			isa = XCBuildConfiguration;
			buildSettings = {
				BUNDLE_LOADER = "$(TEST_HOST)";
				INFOPLIST_FILE = "按钮菜单Tests/Info.plist";
				LD_RUNPATH_SEARCH_PATHS = "$(inherited) @executable_path/Frameworks @loader_path/Frameworks";
				PRODUCT_BUNDLE_IDENTIFIER = "com.zwsSinfotek.----Tests";
				PRODUCT_NAME = "$(TARGET_NAME)";
				TEST_HOST = "$(BUILT_PRODUCTS_DIR)/按钮菜单.app/按钮菜单";
			};
			name = Debug;
		};
		88F0345C1D6EEA1D00BA0322 /* Release */ = {
			isa = XCBuildConfiguration;
			buildSettings = {
				BUNDLE_LOADER = "$(TEST_HOST)";
				INFOPLIST_FILE = "按钮菜单Tests/Info.plist";
				LD_RUNPATH_SEARCH_PATHS = "$(inherited) @executable_path/Frameworks @loader_path/Frameworks";
				PRODUCT_BUNDLE_IDENTIFIER = "com.zwsSinfotek.----Tests";
				PRODUCT_NAME = "$(TARGET_NAME)";
				TEST_HOST = "$(BUILT_PRODUCTS_DIR)/按钮菜单.app/按钮菜单";
			};
			name = Release;
		};
		88F0345E1D6EEA1D00BA0322 /* Debug */ = {
			isa = XCBuildConfiguration;
			buildSettings = {
				INFOPLIST_FILE = "按钮菜单UITests/Info.plist";
				LD_RUNPATH_SEARCH_PATHS = "$(inherited) @executable_path/Frameworks @loader_path/Frameworks";
				PRODUCT_BUNDLE_IDENTIFIER = "com.zwsSinfotek.----UITests";
				PRODUCT_NAME = "$(TARGET_NAME)";
				TEST_TARGET_NAME = "按钮菜单";
			};
			name = Debug;
		};
		88F0345F1D6EEA1D00BA0322 /* Release */ = {
			isa = XCBuildConfiguration;
			buildSettings = {
				INFOPLIST_FILE = "按钮菜单UITests/Info.plist";
				LD_RUNPATH_SEARCH_PATHS = "$(inherited) @executable_path/Frameworks @loader_path/Frameworks";
				PRODUCT_BUNDLE_IDENTIFIER = "com.zwsSinfotek.----UITests";
				PRODUCT_NAME = "$(TARGET_NAME)";
				TEST_TARGET_NAME = "按钮菜单";
			};
			name = Release;
		};
/* End XCBuildConfiguration section */

/* Begin XCConfigurationList section */
		88F034251D6EEA1D00BA0322 /* Build configuration list for PBXProject "按钮菜单" */ = {
			isa = XCConfigurationList;
			buildConfigurations = (
				88F034551D6EEA1D00BA0322 /* Debug */,
				88F034561D6EEA1D00BA0322 /* Release */,
			);
			defaultConfigurationIsVisible = 0;
			defaultConfigurationName = Release;
		};
		88F034571D6EEA1D00BA0322 /* Build configuration list for PBXNativeTarget "按钮菜单" */ = {
			isa = XCConfigurationList;
			buildConfigurations = (
				88F034581D6EEA1D00BA0322 /* Debug */,
				88F034591D6EEA1D00BA0322 /* Release */,
			);
			defaultConfigurationIsVisible = 0;
		};
		88F0345A1D6EEA1D00BA0322 /* Build configuration list for PBXNativeTarget "按钮菜单Tests" */ = {
			isa = XCConfigurationList;
			buildConfigurations = (
				88F0345B1D6EEA1D00BA0322 /* Debug */,
				88F0345C1D6EEA1D00BA0322 /* Release */,
			);
			defaultConfigurationIsVisible = 0;
		};
		88F0345D1D6EEA1D00BA0322 /* Build configuration list for PBXNativeTarget "按钮菜单UITests" */ = {
			isa = XCConfigurationList;
			buildConfigurations = (
				88F0345E1D6EEA1D00BA0322 /* Debug */,
				88F0345F1D6EEA1D00BA0322 /* Release */,
			);
			defaultConfigurationIsVisible = 0;
		};
/* End XCConfigurationList section */
	};
	rootObject = 88F034221D6EEA1D00BA0322 /* Project object */;
}
